// !$*UTF8*$!
{
	archiveVersion = 1;
	classes = {
	};
	objectVersion = 77;
	objects = {

/* Begin PBXBuildFile section */
		155534F23D495554CB277743 /* WordPressTVApp.swift in Sources */ = {isa = PBXBuildFile; fileRef = DF480493B2914C5DA1605169 /* WordPressTVApp.swift */; };
		317F835290FAA9620824580D /* PlayerView.swift in Sources */ = {isa = PBXBuildFile; fileRef = 94B8421D7A23A81CF5265D83 /* PlayerView.swift */; };
		632703E90224A54AEEEA26E9 /* Assets.xcassets in Resources */ = {isa = PBXBuildFile; fileRef = C044A9DC67C475BBCDB8DB9C /* Assets.xcassets */; };
		AA0300000000000000000001 /* Catalog.swift in Sources */ = {isa = PBXBuildFile; fileRef = AA0300000000000000000101 /* Catalog.swift */; };
		AA0300000000000000000002 /* WatchStore.swift in Sources */ = {isa = PBXBuildFile; fileRef = AA0300000000000000000102 /* WatchStore.swift */; };
		AA0300000000000000000003 /* Cards.swift in Sources */ = {isa = PBXBuildFile; fileRef = AA0300000000000000000103 /* Cards.swift */; };
		AA0300000000000000000004 /* VideoFeed.swift in Sources */ = {isa = PBXBuildFile; fileRef = AA0300000000000000000104 /* VideoFeed.swift */; };
		AA0400000000000000000001 /* SharedCore.swift in Sources */ = {isa = PBXBuildFile; fileRef = AA0400000000000000000101 /* SharedCore.swift */; };
		AA0300000000000000000005 /* HomeView.swift in Sources */ = {isa = PBXBuildFile; fileRef = AA0300000000000000000105 /* HomeView.swift */; };
		AA0300000000000000000006 /* SearchScreen.swift in Sources */ = {isa = PBXBuildFile; fileRef = AA0300000000000000000106 /* SearchScreen.swift */; };
		AA01000000000000000000F2 /* SplashView.swift in Sources */ = {isa = PBXBuildFile; fileRef = AA01000000000000000000F1 /* SplashView.swift */; };
		AA01000000000000000000F4 /* Intro.mp4 in Resources */ = {isa = PBXBuildFile; fileRef = AA01000000000000000000F3 /* Intro.mp4 */; };
		AA0200000000000000000001 /* BrokerClient.swift in Sources */ = {isa = PBXBuildFile; fileRef = AA0200000000000000000101 /* BrokerClient.swift */; };
		AA0200000000000000000002 /* KeychainStore.swift in Sources */ = {isa = PBXBuildFile; fileRef = AA0200000000000000000102 /* KeychainStore.swift */; };
		AA0200000000000000000003 /* AuthManager.swift in Sources */ = {isa = PBXBuildFile; fileRef = AA0200000000000000000103 /* AuthManager.swift */; };
		AA0200000000000000000004 /* PairingView.swift in Sources */ = {isa = PBXBuildFile; fileRef = AA0200000000000000000104 /* PairingView.swift */; };
		AA0200000000000000000005 /* PairingViewModel.swift in Sources */ = {isa = PBXBuildFile; fileRef = AA0200000000000000000105 /* PairingViewModel.swift */; };
		AA0200000000000000000006 /* ContentRootView.swift in Sources */ = {isa = PBXBuildFile; fileRef = AA0200000000000000000106 /* ContentRootView.swift */; };
		AA0200000000000000000007 /* WPComAccountService.swift in Sources */ = {isa = PBXBuildFile; fileRef = AA0200000000000000000107 /* WPComAccountService.swift */; };
/* End PBXBuildFile section */

/* Begin PBXFileReference section */
		46C2FA818EA06F4891C1C79C /* WordPressTV.app */ = {isa = PBXFileReference; includeInIndex = 0; lastKnownFileType = wrapper.application; path = WordPressTV.app; sourceTree = BUILT_PRODUCTS_DIR; };
		AA0300000000000000000101 /* Catalog.swift */ = {isa = PBXFileReference; lastKnownFileType = sourcecode.swift; path = Catalog.swift; sourceTree = "<group>"; };
		AA0300000000000000000102 /* WatchStore.swift */ = {isa = PBXFileReference; lastKnownFileType = sourcecode.swift; path = WatchStore.swift; sourceTree = "<group>"; };
		AA0300000000000000000103 /* Cards.swift */ = {isa = PBXFileReference; lastKnownFileType = sourcecode.swift; path = Cards.swift; sourceTree = "<group>"; };
		AA0300000000000000000104 /* VideoFeed.swift */ = {isa = PBXFileReference; lastKnownFileType = sourcecode.swift; path = VideoFeed.swift; sourceTree = "<group>"; };
		AA0400000000000000000101 /* SharedCore.swift */ = {isa = PBXFileReference; lastKnownFileType = sourcecode.swift; path = SharedCore.swift; sourceTree = "<group>"; };
		AA0300000000000000000105 /* HomeView.swift */ = {isa = PBXFileReference; lastKnownFileType = sourcecode.swift; path = HomeView.swift; sourceTree = "<group>"; };
		AA0300000000000000000106 /* SearchScreen.swift */ = {isa = PBXFileReference; lastKnownFileType = sourcecode.swift; path = SearchScreen.swift; sourceTree = "<group>"; };
		94B8421D7A23A81CF5265D83 /* PlayerView.swift */ = {isa = PBXFileReference; lastKnownFileType = sourcecode.swift; path = PlayerView.swift; sourceTree = "<group>"; };
		AA01000000000000000000F1 /* SplashView.swift */ = {isa = PBXFileReference; lastKnownFileType = sourcecode.swift; path = SplashView.swift; sourceTree = "<group>"; };
		AA01000000000000000000F3 /* Intro.mp4 */ = {isa = PBXFileReference; lastKnownFileType = file; path = Intro.mp4; sourceTree = "<group>"; };
		AA0200000000000000000101 /* BrokerClient.swift */ = {isa = PBXFileReference; lastKnownFileType = sourcecode.swift; path = BrokerClient.swift; sourceTree = "<group>"; };
		AA0200000000000000000102 /* KeychainStore.swift */ = {isa = PBXFileReference; lastKnownFileType = sourcecode.swift; path = KeychainStore.swift; sourceTree = "<group>"; };
		AA0200000000000000000103 /* AuthManager.swift */ = {isa = PBXFileReference; lastKnownFileType = sourcecode.swift; path = AuthManager.swift; sourceTree = "<group>"; };
		AA0200000000000000000104 /* PairingView.swift */ = {isa = PBXFileReference; lastKnownFileType = sourcecode.swift; path = PairingView.swift; sourceTree = "<group>"; };
		AA0200000000000000000105 /* PairingViewModel.swift */ = {isa = PBXFileReference; lastKnownFileType = sourcecode.swift; path = PairingViewModel.swift; sourceTree = "<group>"; };
		AA0200000000000000000106 /* ContentRootView.swift */ = {isa = PBXFileReference; lastKnownFileType = sourcecode.swift; path = ContentRootView.swift; sourceTree = "<group>"; };
		AA0200000000000000000107 /* WPComAccountService.swift */ = {isa = PBXFileReference; lastKnownFileType = sourcecode.swift; path = WPComAccountService.swift; sourceTree = "<group>"; };
		C044A9DC67C475BBCDB8DB9C /* Assets.xcassets */ = {isa = PBXFileReference; includeInIndex = 1; lastKnownFileType = folder.assetcatalog; path = Assets.xcassets; sourceTree = "<group>"; };
		DF480493B2914C5DA1605169 /* WordPressTVApp.swift */ = {isa = PBXFileReference; lastKnownFileType = sourcecode.swift; path = WordPressTVApp.swift; sourceTree = "<group>"; };
		F8A8135B975D401A33952531 /* Info.plist */ = {isa = PBXFileReference; lastKnownFileType = text.plist; path = Info.plist; sourceTree = "<group>"; };
/* End PBXFileReference section */

/* Begin PBXFrameworksBuildPhase section */
		4F5FDF3FA5A18ED36B966B28 /* Frameworks */ = {
			isa = PBXFrameworksBuildPhase;
			buildActionMask = 2147483647;
			files = (
			);
			runOnlyForDeploymentPostprocessing = 0;
		};
/* End PBXFrameworksBuildPhase section */

/* Begin PBXGroup section */
		AA0200000000000000000201 /* Auth */ = {
			isa = PBXGroup;
			children = (
				AA0200000000000000000101 /* BrokerClient.swift */,
				AA0200000000000000000102 /* KeychainStore.swift */,
				AA0200000000000000000103 /* AuthManager.swift */,
				AA0200000000000000000104 /* PairingView.swift */,
				AA0200000000000000000105 /* PairingViewModel.swift */,
				AA0200000000000000000107 /* WPComAccountService.swift */,
			);
			path = Auth;
			sourceTree = "<group>";
		};
		AA0200000000000000000202 /* Root */ = {
			isa = PBXGroup;
			children = (
				AA0200000000000000000106 /* ContentRootView.swift */,
			);
			path = Root;
			sourceTree = "<group>";
		};
		102F63C9755C8C0047D18298 /* Player */ = {
			isa = PBXGroup;
			children = (
				94B8421D7A23A81CF5265D83 /* PlayerView.swift */,
			);
			path = Player;
			sourceTree = "<group>";
		};
		AA01000000000000000000F5 /* Splash */ = {
			isa = PBXGroup;
			children = (
				AA01000000000000000000F1 /* SplashView.swift */,
				AA01000000000000000000F3 /* Intro.mp4 */,
			);
			path = Splash;
			sourceTree = "<group>";
		};
		4246F86BE6803D2ED951288B /* WordPressTV */ = {
			isa = PBXGroup;
			children = (
				F8A8135B975D401A33952531 /* Info.plist */,
				C216F8E2A40B0052A8CC1D9B /* App */,
				AA0200000000000000000202 /* Root */,
				AA0300000000000000000204 /* Home */,
				AA0300000000000000000201 /* Catalog */,
				AA0300000000000000000203 /* Shared */,
				AA0300000000000000000205 /* Search */,
				AA0300000000000000000202 /* ContinueWatching */,
				102F63C9755C8C0047D18298 /* Player */,
				AA0200000000000000000201 /* Auth */,
				AA01000000000000000000F5 /* Splash */,
				C044A9DC67C475BBCDB8DB9C /* Assets.xcassets */,
			);
			path = WordPressTV;
			sourceTree = "<group>";
		};
		561FC4C34A85FBBA06B9F5CA = {
			isa = PBXGroup;
			children = (
				4246F86BE6803D2ED951288B /* WordPressTV */,
				BCC45B68B89EAD345E289E1E /* Products */,
			);
			sourceTree = "<group>";
		};
		AA0300000000000000000201 /* Catalog */ = {
			isa = PBXGroup;
			children = (
				AA0300000000000000000101 /* Catalog.swift */,
			);
			path = Catalog;
			sourceTree = "<group>";
		};
		AA0300000000000000000202 /* ContinueWatching */ = {
			isa = PBXGroup;
			children = (
				AA0300000000000000000102 /* WatchStore.swift */,
			);
			path = ContinueWatching;
			sourceTree = "<group>";
		};
		AA0300000000000000000203 /* Shared */ = {
			isa = PBXGroup;
			children = (
				AA0400000000000000000101 /* SharedCore.swift */,
				AA0300000000000000000103 /* Cards.swift */,
				AA0300000000000000000104 /* VideoFeed.swift */,
			);
			path = Shared;
			sourceTree = "<group>";
		};
		AA0300000000000000000204 /* Home */ = {
			isa = PBXGroup;
			children = (
				AA0300000000000000000105 /* HomeView.swift */,
			);
			path = Home;
			sourceTree = "<group>";
		};
		AA0300000000000000000205 /* Search */ = {
			isa = PBXGroup;
			children = (
				AA0300000000000000000106 /* SearchScreen.swift */,
			);
			path = Search;
			sourceTree = "<group>";
		};
		BCC45B68B89EAD345E289E1E /* Products */ = {
			isa = PBXGroup;
			children = (
				46C2FA818EA06F4891C1C79C /* WordPressTV.app */,
			);
			name = Products;
			sourceTree = "<group>";
		};
		C216F8E2A40B0052A8CC1D9B /* App */ = {
			isa = PBXGroup;
			children = (
				DF480493B2914C5DA1605169 /* WordPressTVApp.swift */,
			);
			path = App;
			sourceTree = "<group>";
		};
/* End PBXGroup section */

/* Begin PBXNativeTarget section */
		8C7D3000BB1CC1131BACF509 /* WordPressTV */ = {
			isa = PBXNativeTarget;
			buildConfigurationList = 9D289FBFF40AAF197E328837 /* Build configuration list for PBXNativeTarget "WordPressTV" */;
			buildPhases = (
				AA0400000000000000000201 /* Sync KMP Framework */,
				5F6CDE7B481B1D81721A8C44 /* Sources */,
				4F5FDF3FA5A18ED36B966B28 /* Frameworks */,
				EC8EB22EEC3E1A8CA8C25275 /* Resources */,
			);
			buildRules = (
			);
			dependencies = (
			);
			name = WordPressTV;
			packageProductDependencies = (
			);
			productName = WordPressTV;
			productReference = 46C2FA818EA06F4891C1C79C /* WordPressTV.app */;
			productType = "com.apple.product-type.application";
		};
/* End PBXNativeTarget section */

/* Begin PBXProject section */
		A66B1BFAACA132D7CE705BB7 /* Project object */ = {
			isa = PBXProject;
			attributes = {
				BuildIndependentTargetsInParallel = YES;
				LastUpgradeCheck = 1430;
				TargetAttributes = {
					8C7D3000BB1CC1131BACF509 = {
						ProvisioningStyle = Automatic;
					};
				};
			};
			buildConfigurationList = C9E9B78F38140C4BDAF614B7 /* Build configuration list for PBXProject "WordPressTV" */;
			developmentRegion = en;
			hasScannedForEncodings = 0;
			knownRegions = (
				Base,
				en,
			);
			mainGroup = 561FC4C34A85FBBA06B9F5CA;
			minimizedProjectReferenceProxies = 1;
			packageReferences = (
			);
			preferredProjectObjectVersion = 77;
			productRefGroup = BCC45B68B89EAD345E289E1E /* Products */;
			projectDirPath = "";
			projectRoot = "";
			targets = (
				8C7D3000BB1CC1131BACF509 /* WordPressTV */,
			);
		};
/* End PBXProject section */

/* Begin PBXResourcesBuildPhase section */
		EC8EB22EEC3E1A8CA8C25275 /* Resources */ = {
			isa = PBXResourcesBuildPhase;
			buildActionMask = 2147483647;
			files = (
				632703E90224A54AEEEA26E9 /* Assets.xcassets in Resources */,
				AA01000000000000000000F4 /* Intro.mp4 in Resources */,
			);
			runOnlyForDeploymentPostprocessing = 0;
		};
/* End PBXResourcesBuildPhase section */

/* Begin PBXSourcesBuildPhase section */
		5F6CDE7B481B1D81721A8C44 /* Sources */ = {
			isa = PBXSourcesBuildPhase;
			buildActionMask = 2147483647;
			files = (
				AA0300000000000000000001 /* Catalog.swift in Sources */,
				AA0300000000000000000002 /* WatchStore.swift in Sources */,
				AA0300000000000000000003 /* Cards.swift in Sources */,
				AA0300000000000000000004 /* VideoFeed.swift in Sources */,
				AA0400000000000000000001 /* SharedCore.swift in Sources */,
				AA0300000000000000000005 /* HomeView.swift in Sources */,
				AA0300000000000000000006 /* SearchScreen.swift in Sources */,
				317F835290FAA9620824580D /* PlayerView.swift in Sources */,
				AA01000000000000000000F2 /* SplashView.swift in Sources */,
				155534F23D495554CB277743 /* WordPressTVApp.swift in Sources */,
				AA0200000000000000000001 /* BrokerClient.swift in Sources */,
				AA0200000000000000000002 /* KeychainStore.swift in Sources */,
				AA0200000000000000000003 /* AuthManager.swift in Sources */,
				AA0200000000000000000004 /* PairingView.swift in Sources */,
				AA0200000000000000000005 /* PairingViewModel.swift in Sources */,
				AA0200000000000000000006 /* ContentRootView.swift in Sources */,
				AA0200000000000000000007 /* WPComAccountService.swift in Sources */,
			);
			runOnlyForDeploymentPostprocessing = 0;
		};
/* End PBXSourcesBuildPhase section */

/* Begin XCBuildConfiguration section */
		3D47A9B5678C921BFFB4CAAB /* Release */ = {
			isa = XCBuildConfiguration;
			buildSettings = {
				ALWAYS_SEARCH_USER_PATHS = NO;
				CLANG_ANALYZER_NONNULL = YES;
				CLANG_ANALYZER_NUMBER_OBJECT_CONVERSION = YES_AGGRESSIVE;
				CLANG_CXX_LANGUAGE_STANDARD = "gnu++14";
				CLANG_CXX_LIBRARY = "libc++";
				CLANG_ENABLE_MODULES = YES;
				CLANG_ENABLE_OBJC_ARC = YES;
				CLANG_ENABLE_OBJC_WEAK = YES;
				CLANG_WARN_BLOCK_CAPTURE_AUTORELEASING = YES;
				CLANG_WARN_BOOL_CONVERSION = YES;
				CLANG_WARN_COMMA = YES;
				CLANG_WARN_CONSTANT_CONVERSION = YES;
				CLANG_WARN_DEPRECATED_OBJC_IMPLEMENTATIONS = YES;
				CLANG_WARN_DIRECT_OBJC_ISA_USAGE = YES_ERROR;
				CLANG_WARN_DOCUMENTATION_COMMENTS = YES;
				CLANG_WARN_EMPTY_BODY = YES;
				CLANG_WARN_ENUM_CONVERSION = YES;
				CLANG_WARN_INFINITE_RECURSION = YES;
				CLANG_WARN_INT_CONVERSION = YES;
				CLANG_WARN_NON_LITERAL_NULL_CONVERSION = YES;
				CLANG_WARN_OBJC_IMPLICIT_RETAIN_SELF = YES;
				CLANG_WARN_OBJC_LITERAL_CONVERSION = YES;
				CLANG_WARN_OBJC_ROOT_CLASS = YES_ERROR;
				CLANG_WARN_QUOTED_INCLUDE_IN_FRAMEWORK_HEADER = YES;
				CLANG_WARN_RANGE_LOOP_ANALYSIS = YES;
				CLANG_WARN_STRICT_PROTOTYPES = YES;
				CLANG_WARN_SUSPICIOUS_MOVE = YES;
				CLANG_WARN_UNGUARDED_AVAILABILITY = YES_AGGRESSIVE;
				CLANG_WARN_UNREACHABLE_CODE = YES;
				CLANG_WARN__DUPLICATE_METHOD_MATCH = YES;
				COPY_PHASE_STRIP = NO;
				DEBUG_INFORMATION_FORMAT = "dwarf-with-dsym";
				ENABLE_NS_ASSERTIONS = NO;
				ENABLE_STRICT_OBJC_MSGSEND = YES;
				GCC_C_LANGUAGE_STANDARD = gnu11;
				GCC_NO_COMMON_BLOCKS = YES;
				GCC_WARN_64_TO_32_BIT_CONVERSION = YES;
				GCC_WARN_ABOUT_RETURN_TYPE = YES_ERROR;
				GCC_WARN_UNDECLARED_SELECTOR = YES;
				GCC_WARN_UNINITIALIZED_AUTOS = YES_AGGRESSIVE;
				GCC_WARN_UNUSED_FUNCTION = YES;
				GCC_WARN_UNUSED_VARIABLE = YES;
				MTL_ENABLE_DEBUG_INFO = NO;
				MTL_FAST_MATH = YES;
				PRODUCT_NAME = "$(TARGET_NAME)";
				SDKROOT = appletvos;
				SWIFT_COMPILATION_MODE = wholemodule;
				SWIFT_OPTIMIZATION_LEVEL = "-O";
				SWIFT_VERSION = 5.0;
				TVOS_DEPLOYMENT_TARGET = 26.0;
			};
			name = Release;
		};
		7F9781D8985F06E1C66C75D7 /* Debug */ = {
			isa = XCBuildConfiguration;
			buildSettings = {
				ASSETCATALOG_COMPILER_APPICON_NAME = "App Icon & Top Shelf Image";
				ASSETCATALOG_COMPILER_LAUNCHIMAGE_NAME = LaunchImage;
				CODE_SIGNING_ALLOWED = NO;
				CODE_SIGN_STYLE = Automatic;
				CURRENT_PROJECT_VERSION = 1;
				MARKETING_VERSION = 0.0.1;
				FRAMEWORK_SEARCH_PATHS = (
					"$(inherited)",
					"$(SRCROOT)/../shared/build/xcode-frameworks/$(CONFIGURATION)/$(SDK_NAME)",
				);
				GENERATE_INFOPLIST_FILE = NO;
				INFOPLIST_FILE = WordPressTV/Info.plist;
				LD_RUNPATH_SEARCH_PATHS = (
					"$(inherited)",
					"@executable_path/Frameworks",
				);
				OTHER_LDFLAGS = (
					"$(inherited)",
					"-framework",
					WordPressTVSharedCore,
				);
				PRODUCT_BUNDLE_IDENTIFIER = com.automattic.wordpresstv;
				SDKROOT = appletvos;
				SWIFT_VERSION = 6.0;
				TARGETED_DEVICE_FAMILY = 3;
			};
			name = Debug;
		};
		C2C9B17D4EBA95F5EB2A2E53 /* Debug */ = {
			isa = XCBuildConfiguration;
			buildSettings = {
				ALWAYS_SEARCH_USER_PATHS = NO;
				CLANG_ANALYZER_NONNULL = YES;
				CLANG_ANALYZER_NUMBER_OBJECT_CONVERSION = YES_AGGRESSIVE;
				CLANG_CXX_LANGUAGE_STANDARD = "gnu++14";
				CLANG_CXX_LIBRARY = "libc++";
				CLANG_ENABLE_MODULES = YES;
				CLANG_ENABLE_OBJC_ARC = YES;
				CLANG_ENABLE_OBJC_WEAK = YES;
				CLANG_WARN_BLOCK_CAPTURE_AUTORELEASING = YES;
				CLANG_WARN_BOOL_CONVERSION = YES;
				CLANG_WARN_COMMA = YES;
				CLANG_WARN_CONSTANT_CONVERSION = YES;
				CLANG_WARN_DEPRECATED_OBJC_IMPLEMENTATIONS = YES;
				CLANG_WARN_DIRECT_OBJC_ISA_USAGE = YES_ERROR;
				CLANG_WARN_DOCUMENTATION_COMMENTS = YES;
				CLANG_WARN_EMPTY_BODY = YES;
				CLANG_WARN_ENUM_CONVERSION = YES;
				CLANG_WARN_INFINITE_RECURSION = YES;
				CLANG_WARN_INT_CONVERSION = YES;
				CLANG_WARN_NON_LITERAL_NULL_CONVERSION = YES;
				CLANG_WARN_OBJC_IMPLICIT_RETAIN_SELF = YES;
				CLANG_WARN_OBJC_LITERAL_CONVERSION = YES;
				CLANG_WARN_OBJC_ROOT_CLASS = YES_ERROR;
				CLANG_WARN_QUOTED_INCLUDE_IN_FRAMEWORK_HEADER = YES;
				CLANG_WARN_RANGE_LOOP_ANALYSIS = YES;
				CLANG_WARN_STRICT_PROTOTYPES = YES;
				CLANG_WARN_SUSPICIOUS_MOVE = YES;
				CLANG_WARN_UNGUARDED_AVAILABILITY = YES_AGGRESSIVE;
				CLANG_WARN_UNREACHABLE_CODE = YES;
				CLANG_WARN__DUPLICATE_METHOD_MATCH = YES;
				COPY_PHASE_STRIP = NO;
				DEBUG_INFORMATION_FORMAT = dwarf;
				ENABLE_STRICT_OBJC_MSGSEND = YES;
				ENABLE_TESTABILITY = YES;
				GCC_C_LANGUAGE_STANDARD = gnu11;
				GCC_DYNAMIC_NO_PIC = NO;
				GCC_NO_COMMON_BLOCKS = YES;
				GCC_OPTIMIZATION_LEVEL = 0;
				GCC_PREPROCESSOR_DEFINITIONS = (
					"$(inherited)",
					"DEBUG=1",
				);
				GCC_WARN_64_TO_32_BIT_CONVERSION = YES;
				GCC_WARN_ABOUT_RETURN_TYPE = YES_ERROR;
				GCC_WARN_UNDECLARED_SELECTOR = YES;
				GCC_WARN_UNINITIALIZED_AUTOS = YES_AGGRESSIVE;
				GCC_WARN_UNUSED_FUNCTION = YES;
				GCC_WARN_UNUSED_VARIABLE = YES;
				MTL_ENABLE_DEBUG_INFO = INCLUDE_SOURCE;
				MTL_FAST_MATH = YES;
				ONLY_ACTIVE_ARCH = YES;
				PRODUCT_NAME = "$(TARGET_NAME)";
				SDKROOT = appletvos;
				SWIFT_ACTIVE_COMPILATION_CONDITIONS = DEBUG;
				SWIFT_OPTIMIZATION_LEVEL = "-Onone";
				SWIFT_VERSION = 5.0;
				TVOS_DEPLOYMENT_TARGET = 26.0;
			};
			name = Debug;
		};
		E849E8CC5D543D21BA97D749 /* Release */ = {
			isa = XCBuildConfiguration;
			buildSettings = {
				ASSETCATALOG_COMPILER_APPICON_NAME = "App Icon & Top Shelf Image";
				ASSETCATALOG_COMPILER_LAUNCHIMAGE_NAME = LaunchImage;
				CODE_SIGNING_ALLOWED = YES;
				CODE_SIGN_IDENTITY = "Apple Distribution";
				CODE_SIGN_STYLE = Manual;
				CURRENT_PROJECT_VERSION = 1;
				MARKETING_VERSION = 0.0.1;
				DEVELOPMENT_TEAM = PZYM8XX95Q;
				FRAMEWORK_SEARCH_PATHS = (
					"$(inherited)",
					"$(SRCROOT)/../shared/build/xcode-frameworks/$(CONFIGURATION)/$(SDK_NAME)",
				);
				GENERATE_INFOPLIST_FILE = NO;
				INFOPLIST_FILE = WordPressTV/Info.plist;
				LD_RUNPATH_SEARCH_PATHS = (
					"$(inherited)",
					"@executable_path/Frameworks",
				);
				OTHER_LDFLAGS = (
					"$(inherited)",
					"-framework",
					WordPressTVSharedCore,
				);
				PRODUCT_BUNDLE_IDENTIFIER = com.automattic.wordpresstv;
				PROVISIONING_PROFILE_SPECIFIER = "match AppStore com.automattic.wordpresstv tvos";
				SDKROOT = appletvos;
				SWIFT_VERSION = 6.0;
				TARGETED_DEVICE_FAMILY = 3;
			};
			name = Release;
		};
/* End XCBuildConfiguration section */

/* Begin XCConfigurationList section */
		9D289FBFF40AAF197E328837 /* Build configuration list for PBXNativeTarget "WordPressTV" */ = {
			isa = XCConfigurationList;
			buildConfigurations = (
				7F9781D8985F06E1C66C75D7 /* Debug */,
				E849E8CC5D543D21BA97D749 /* Release */,
			);
			defaultConfigurationIsVisible = 0;
			defaultConfigurationName = Debug;
		};
		C9E9B78F38140C4BDAF614B7 /* Build configuration list for PBXProject "WordPressTV" */ = {
			isa = XCConfigurationList;
			buildConfigurations = (
				C2C9B17D4EBA95F5EB2A2E53 /* Debug */,
				3D47A9B5678C921BFFB4CAAB /* Release */,
			);
			defaultConfigurationIsVisible = 0;
			defaultConfigurationName = Debug;
		};
/* End XCConfigurationList section */

/* Begin PBXShellScriptBuildPhase section */
		AA0400000000000000000201 /* Sync KMP Framework */ = {
			isa = PBXShellScriptBuildPhase;
			alwaysOutOfDate = 1;
			buildActionMask = 2147483647;
			files = (
			);
			inputFileListPaths = (
			);
			inputPaths = (
			);
			name = "Sync KMP Framework";
			outputFileListPaths = (
			);
			outputPaths = (
				"$(SRCROOT)/../shared/build/xcode-frameworks/$(CONFIGURATION)/$(SDK_NAME)/WordPressTVSharedCore.framework",
			);
			runOnlyForDeploymentPostprocessing = 0;
			shellPath = /bin/sh;
			shellScript = "set -euo pipefail\ncd \"$SRCROOT/../android\"\n./gradlew --no-daemon :shared:syncAppleFrameworkForXcode\n";
		};
/* End PBXShellScriptBuildPhase section */
	};
	rootObject = A66B1BFAACA132D7CE705BB7 /* Project object */;
}
